
Microsoft Visual Studio Solution File, Format Version 12.00
# Visual Studio Version 17
VisualStudioVersion = 17.0.31919.166
MinimumVisualStudioVersion = 10.0.40219.1
Project("{2150E333-8FDC-42A3-9474-1A3956D46DE8}") = "APPLICATION", "APPLICATION", "{0CB26C68-3A3F-4E8E-8680-ED5619E788D5}"
EndProject
Project("{9A19103F-16F7-4668-BE54-9A1E7A4F7556}") = "Sarc.WebApp", "APPLICATION\Sarc.WebApp\Sarc.WebApp.csproj", "{7650B795-FEA6-49F5-BF47-F85E352442B8}"
EndProject
Project("{2150E333-8FDC-42A3-9474-1A3956D46DE8}") = "CORE", "CORE", "{1C95D419-8674-47A6-8BE5-B96C9CD862AB}"
EndProject
Project("{9A19103F-16F7-4668-BE54-9A1E7A4F7556}") = "BCP.CROSS.SECRYPT", "CORE\BCP.CROSS.SECRYPT\BCP.CROSS.SECRYPT.csproj", "{4699CB58-7ADF-4A4B-999C-1BA84745B437}"
EndProject
Project("{9A19103F-16F7-4668-BE54-9A1E7A4F7556}") = "BCP.Framework.Logs", "CORE\BCP.Framework.Logs\BCP.Framework.Logs.csproj", "{B4EA3020-E76B-4DD2-BBFD-A5C0B5364A5F}"
EndProject
Project("{2150E333-8FDC-42A3-9474-1A3956D46DE8}") = "DATA", "DATA", "{E74D1FB4-8551-4410-9E4A-C9A50BD7BD59}"
EndProject
Project("{9A19103F-16F7-4668-BE54-9A1E7A4F7556}") = "BCP.CROSS.MODELS", "DATA\BCP.CROSS.MODELS\BCP.CROSS.MODELS.csproj", "{6DF2A2C9-DAEA-41D4-B80E-621C5BAA37EB}"
EndProject
Project("{9A19103F-16F7-4668-BE54-9A1E7A4F7556}") = "BCP.CROSS.COMMON", "CORE\BCP.CROSS.COMMON\BCP.CROSS.COMMON.csproj", "{E2DDE948-A49E-4A6D-8E43-E7CFB10528E7}"
EndProject
Project("{2150E333-8FDC-42A3-9474-1A3956D46DE8}") = "TEST", "TEST", "{FBB3AC47-751C-49C6-BDB0-FE36F68862EF}"
EndProject
Project("{9A19103F-16F7-4668-BE54-9A1E7A4F7556}") = "SARC.TEST", "SARC.TEST\SARC.TEST.csproj", "{A5DE7934-9160-4A7C-B5CF-52BF651C1256}"
EndProject
Global
	GlobalSection(SolutionConfigurationPlatforms) = preSolution
		Debug|Any CPU = Debug|Any CPU
		Release|Any CPU = Release|Any CPU
	EndGlobalSection
	GlobalSection(ProjectConfigurationPlatforms) = postSolution
		{7650B795-FEA6-49F5-BF47-F85E352442B8}.Debug|Any CPU.ActiveCfg = Debug|Any CPU
		{7650B795-FEA6-49F5-BF47-F85E352442B8}.Debug|Any CPU.Build.0 = Debug|Any CPU
		{7650B795-FEA6-49F5-BF47-F85E352442B8}.Release|Any CPU.ActiveCfg = Release|Any CPU
		{7650B795-FEA6-49F5-BF47-F85E352442B8}.Release|Any CPU.Build.0 = Release|Any CPU
		{4699CB58-7ADF-4A4B-999C-1BA84745B437}.Debug|Any CPU.ActiveCfg = Debug|Any CPU
		{4699CB58-7ADF-4A4B-999C-1BA84745B437}.Debug|Any CPU.Build.0 = Debug|Any CPU
		{4699CB58-7ADF-4A4B-999C-1BA84745B437}.Release|Any CPU.ActiveCfg = Release|Any CPU
		{4699CB58-7ADF-4A4B-999C-1BA84745B437}.Release|Any CPU.Build.0 = Release|Any CPU
		{B4EA3020-E76B-4DD2-BBFD-A5C0B5364A5F}.Debug|Any CPU.ActiveCfg = Debug|Any CPU
		{B4EA3020-E76B-4DD2-BBFD-A5C0B5364A5F}.Debug|Any CPU.Build.0 = Debug|Any CPU
		{B4EA3020-E76B-4DD2-BBFD-A5C0B5364A5F}.Release|Any CPU.ActiveCfg = Release|Any CPU
		{B4EA3020-E76B-4DD2-BBFD-A5C0B5364A5F}.Release|Any CPU.Build.0 = Release|Any CPU
		{6DF2A2C9-DAEA-41D4-B80E-621C5BAA37EB}.Debug|Any CPU.ActiveCfg = Debug|Any CPU
		{6DF2A2C9-DAEA-41D4-B80E-621C5BAA37EB}.Debug|Any CPU.Build.0 = Debug|Any CPU
		{6DF2A2C9-DAEA-41D4-B80E-621C5BAA37EB}.Release|Any CPU.ActiveCfg = Release|Any CPU
		{6DF2A2C9-DAEA-41D4-B80E-621C5BAA37EB}.Release|Any CPU.Build.0 = Release|Any CPU
		{E2DDE948-A49E-4A6D-8E43-E7CFB10528E7}.Debug|Any CPU.ActiveCfg = Debug|Any CPU
		{E2DDE948-A49E-4A6D-8E43-E7CFB10528E7}.Debug|Any CPU.Build.0 = Debug|Any CPU
		{E2DDE948-A49E-4A6D-8E43-E7CFB10528E7}.Release|Any CPU.ActiveCfg = Release|Any CPU
		{E2DDE948-A49E-4A6D-8E43-E7CFB10528E7}.Release|Any CPU.Build.0 = Release|Any CPU
		{A5DE7934-9160-4A7C-B5CF-52BF651C1256}.Debug|Any CPU.ActiveCfg = Debug|Any CPU
		{A5DE7934-9160-4A7C-B5CF-52BF651C1256}.Debug|Any CPU.Build.0 = Debug|Any CPU
		{A5DE7934-9160-4A7C-B5CF-52BF651C1256}.Release|Any CPU.ActiveCfg = Release|Any CPU
		{A5DE7934-9160-4A7C-B5CF-52BF651C1256}.Release|Any CPU.Build.0 = Release|Any CPU
	EndGlobalSection
	GlobalSection(SolutionProperties) = preSolution
		HideSolutionNode = FALSE
	EndGlobalSection
	GlobalSection(NestedProjects) = preSolution
		{7650B795-FEA6-49F5-BF47-F85E352442B8} = {0CB26C68-3A3F-4E8E-8680-ED5619E788D5}
		{4699CB58-7ADF-4A4B-999C-1BA84745B437} = {1C95D419-8674-47A6-8BE5-B96C9CD862AB}
		{B4EA3020-E76B-4DD2-BBFD-A5C0B5364A5F} = {1C95D419-8674-47A6-8BE5-B96C9CD862AB}
		{6DF2A2C9-DAEA-41D4-B80E-621C5BAA37EB} = {E74D1FB4-8551-4410-9E4A-C9A50BD7BD59}
		{E2DDE948-A49E-4A6D-8E43-E7CFB10528E7} = {1C95D419-8674-47A6-8BE5-B96C9CD862AB}
		{A5DE7934-9160-4A7C-B5CF-52BF651C1256} = {FBB3AC47-751C-49C6-BDB0-FE36F68862EF}
	EndGlobalSection
	GlobalSection(ExtensibilityGlobals) = postSolution
		SolutionGuid = {CC3DF164-D3A6-4852-ADA8-80C2E45C5E6B}
	EndGlobalSection
EndGlobal
