
Microsoft Visual Studio Solution File, Format Version 12.00
# Visual Studio Version 16
VisualStudioVersion = 16.0.31624.102
MinimumVisualStudioVersion = 10.0.40219.1
Project("{2150E333-8FDC-42A3-9474-1A3956D46DE8}") = "APLICATION", "APLICATION", "{3503D822-57F4-4187-AA4A-C53637C6B28C}"
EndProject
Project("{9A19103F-16F7-4668-BE54-9A1E7A4F7556}") = "Sarc.WebApi", "APLICATION\Sarc.WebApi\Sarc.WebApi.csproj", "{76E9D526-8D54-4889-9F02-E2705F1ABBF8}"
EndProject
Project("{2150E333-8FDC-42A3-9474-1A3956D46DE8}") = "CORE", "CORE", "{88DF57F6-B283-4B15-9F92-2DC35ABBE115}"
EndProject
Project("{9A19103F-16F7-4668-BE54-9A1E7A4F7556}") = "BCP.CROSS.COMMON", "CORE\BCP.CROSS.COMMON\BCP.CROSS.COMMON.csproj", "{A6EB9BDF-9CEF-4E82-ACDA-2B31741663CF}"
EndProject
Project("{2150E333-8FDC-42A3-9474-1A3956D46DE8}") = "DATA", "DATA", "{0F1DFD33-7F46-461A-9F63-D48E0A2B6BEB}"
EndProject
Project("{9A19103F-16F7-4668-BE54-9A1E7A4F7556}") = "BCP.CROSS.CONNECTORS", "DATA\BCP.CROSS.CONNECTORS\BCP.CROSS.CONNECTORS.csproj", "{B0B3393E-18F0-45C6-8165-6CCB2CFEF59B}"
EndProject
Project("{9A19103F-16F7-4668-BE54-9A1E7A4F7556}") = "BCP.CROSS.DATAACCESS", "DATA\BCP.CROSS.DATAACCESS\BCP.CROSS.DATAACCESS.csproj", "{CB348847-0AD9-437E-A367-265256F50003}"
EndProject
Project("{9A19103F-16F7-4668-BE54-9A1E7A4F7556}") = "BCP.CROSS.MODELS", "DATA\BCP.CROSS.MODELS\BCP.CROSS.MODELS.csproj", "{2BED79AE-801A-45F2-8A15-3357C0E0E38E}"
EndProject
Project("{9A19103F-16F7-4668-BE54-9A1E7A4F7556}") = "BCP.CROSS.REPOSITORY", "DATA\BCP.CROSS.REPOSITORY\BCP.CROSS.REPOSITORY.csproj", "{1106F029-D036-4A78-B400-6B68EECFC0FA}"
EndProject
Project("{2150E333-8FDC-42A3-9474-1A3956D46DE8}") = "SERVICES", "SERVICES", "{B6B4220E-3B23-44F4-9573-B86CCC754FDE}"
EndProject
Project("{9A19103F-16F7-4668-BE54-9A1E7A4F7556}") = "WEBAPI.SERVICES", "SERVICES\WEBAPI.SERVICES\WEBAPI.SERVICES.csproj", "{556E94AD-A885-44F3-A319-44641889044B}"
EndProject
Project("{2150E333-8FDC-42A3-9474-1A3956D46DE8}") = "TESTS", "TESTS", "{E9989949-97A3-4699-8D30-443056617D1C}"
EndProject
Project("{9A19103F-16F7-4668-BE54-9A1E7A4F7556}") = "Sarc.Test", "TESTS\Sarc.Test\Sarc.Test.csproj", "{211FEB85-122B-46A2-A4F7-2E9F6E022EB8}"
EndProject
Project("{9A19103F-16F7-4668-BE54-9A1E7A4F7556}") = "BCP.Framework.Logs", "CORE\BCP.Framework.Logs\BCP.Framework.Logs.csproj", "{B242B82D-F406-4695-8D9C-0B76A52E7DC2}"
EndProject
Project("{9A19103F-16F7-4668-BE54-9A1E7A4F7556}") = "BCP.CROSS.SECRYPT", "CORE\BCP.CROSS.SECRYPT\BCP.CROSS.SECRYPT.csproj", "{70CDAB97-F2A9-4953-B26E-F66F629B1118}"
EndProject
Project("{9A19103F-16F7-4668-BE54-9A1E7A4F7556}") = "BCP.CROSS.SECURITY", "CORE\BCP.CROSS.SECURITY\BCP.CROSS.SECURITY.csproj", "{49D07F43-7C3D-4562-86DD-166C2F492EDF}"
EndProject
Project("{9A19103F-16F7-4668-BE54-9A1E7A4F7556}") = "BCP.CROSS.SEGURINET", "CORE\BCP.CROSS.SEGURINET\BCP.CROSS.SEGURINET.csproj", "{AD33294A-A609-4050-9088-4968B9AC1464}"
EndProject
Project("{9A19103F-16F7-4668-BE54-9A1E7A4F7556}") = "BCP.CROSS.SMARTLINK", "CORE\BCP.CROSS.SMARTLINK\BCP.CROSS.SMARTLINK.csproj", "{11165C6A-0418-4CA1-A563-60A33702246E}"
EndProject
Project("{9A19103F-16F7-4668-BE54-9A1E7A4F7556}") = "BCP.CROSS.SWAMP", "CORE\BCP.CROSS.SWAMP\BCP.CROSS.SWAMP.csproj", "{ACE93E88-FE18-4C25-95E3-EF31A97CD095}"
EndProject
Project("{9A19103F-16F7-4668-BE54-9A1E7A4F7556}") = "BCP.CROSS.SHAREPOINT", "CORE\BCP.CROSS.SHAREPOINT\BCP.CROSS.SHAREPOINT.csproj", "{68EDA793-60F5-45CC-9D42-E45F00568F97}"
EndProject
Project("{9A19103F-16F7-4668-BE54-9A1E7A4F7556}") = "BCP.CROSS.WCFSWAMP", "CORE\BCP.CROSS.WCFSWAMP\BCP.CROSS.WCFSWAMP.csproj", "{ABD5D478-6AD9-4411-9DA8-436E716C8C97}"
EndProject
Project("{9A19103F-16F7-4668-BE54-9A1E7A4F7556}") = "BCP.CROSS.REPORTES", "CORE\BCP.CROSS.REPORTES\BCP.CROSS.REPORTES.csproj", "{15CC3335-83CB-4B70-A1CF-3B64F1AB0460}"
EndProject
Project("{9A19103F-16F7-4668-BE54-9A1E7A4F7556}") = "BCP.CROSS.INFOCLIENTE", "CORE\BCP.CROSS.INFOCLIENTE\BCP.CROSS.INFOCLIENTE.csproj", "{E7C47739-44DA-4BE0-AEF0-442C4DCFB3C6}"
EndProject
Project("{9A19103F-16F7-4668-BE54-9A1E7A4F7556}") = "BCP.CROSS.INFOCLIENTEJURIDICO", "CORE\BCP.CROSS.INFOCLIENTEJURIDICO\BCP.CROSS.INFOCLIENTEJURIDICO.csproj", "{D8675D44-0921-4958-AFA2-C3B797B1A5D5}"
EndProject
Global
	GlobalSection(SolutionConfigurationPlatforms) = preSolution
		Debug|Any CPU = Debug|Any CPU
		Debug|x64 = Debug|x64
		Debug|x86 = Debug|x86
		Release|Any CPU = Release|Any CPU
		Release|x64 = Release|x64
		Release|x86 = Release|x86
	EndGlobalSection
	GlobalSection(ProjectConfigurationPlatforms) = postSolution
		{76E9D526-8D54-4889-9F02-E2705F1ABBF8}.Debug|Any CPU.ActiveCfg = Debug|Any CPU
		{76E9D526-8D54-4889-9F02-E2705F1ABBF8}.Debug|Any CPU.Build.0 = Debug|Any CPU
		{76E9D526-8D54-4889-9F02-E2705F1ABBF8}.Debug|x64.ActiveCfg = Debug|Any CPU
		{76E9D526-8D54-4889-9F02-E2705F1ABBF8}.Debug|x64.Build.0 = Debug|Any CPU
		{76E9D526-8D54-4889-9F02-E2705F1ABBF8}.Debug|x86.ActiveCfg = Debug|Any CPU
		{76E9D526-8D54-4889-9F02-E2705F1ABBF8}.Debug|x86.Build.0 = Debug|Any CPU
		{76E9D526-8D54-4889-9F02-E2705F1ABBF8}.Release|Any CPU.ActiveCfg = Release|Any CPU
		{76E9D526-8D54-4889-9F02-E2705F1ABBF8}.Release|Any CPU.Build.0 = Release|Any CPU
		{76E9D526-8D54-4889-9F02-E2705F1ABBF8}.Release|x64.ActiveCfg = Release|Any CPU
		{76E9D526-8D54-4889-9F02-E2705F1ABBF8}.Release|x64.Build.0 = Release|Any CPU
		{76E9D526-8D54-4889-9F02-E2705F1ABBF8}.Release|x86.ActiveCfg = Release|Any CPU
		{76E9D526-8D54-4889-9F02-E2705F1ABBF8}.Release|x86.Build.0 = Release|Any CPU
		{A6EB9BDF-9CEF-4E82-ACDA-2B31741663CF}.Debug|Any CPU.ActiveCfg = Debug|Any CPU
		{A6EB9BDF-9CEF-4E82-ACDA-2B31741663CF}.Debug|Any CPU.Build.0 = Debug|Any CPU
		{A6EB9BDF-9CEF-4E82-ACDA-2B31741663CF}.Debug|x64.ActiveCfg = Debug|Any CPU
		{A6EB9BDF-9CEF-4E82-ACDA-2B31741663CF}.Debug|x64.Build.0 = Debug|Any CPU
		{A6EB9BDF-9CEF-4E82-ACDA-2B31741663CF}.Debug|x86.ActiveCfg = Debug|Any CPU
		{A6EB9BDF-9CEF-4E82-ACDA-2B31741663CF}.Debug|x86.Build.0 = Debug|Any CPU
		{A6EB9BDF-9CEF-4E82-ACDA-2B31741663CF}.Release|Any CPU.ActiveCfg = Release|Any CPU
		{A6EB9BDF-9CEF-4E82-ACDA-2B31741663CF}.Release|Any CPU.Build.0 = Release|Any CPU
		{A6EB9BDF-9CEF-4E82-ACDA-2B31741663CF}.Release|x64.ActiveCfg = Release|Any CPU
		{A6EB9BDF-9CEF-4E82-ACDA-2B31741663CF}.Release|x64.Build.0 = Release|Any CPU
		{A6EB9BDF-9CEF-4E82-ACDA-2B31741663CF}.Release|x86.ActiveCfg = Release|Any CPU
		{A6EB9BDF-9CEF-4E82-ACDA-2B31741663CF}.Release|x86.Build.0 = Release|Any CPU
		{B0B3393E-18F0-45C6-8165-6CCB2CFEF59B}.Debug|Any CPU.ActiveCfg = Debug|Any CPU
		{B0B3393E-18F0-45C6-8165-6CCB2CFEF59B}.Debug|Any CPU.Build.0 = Debug|Any CPU
		{B0B3393E-18F0-45C6-8165-6CCB2CFEF59B}.Debug|x64.ActiveCfg = Debug|Any CPU
		{B0B3393E-18F0-45C6-8165-6CCB2CFEF59B}.Debug|x64.Build.0 = Debug|Any CPU
		{B0B3393E-18F0-45C6-8165-6CCB2CFEF59B}.Debug|x86.ActiveCfg = Debug|Any CPU
		{B0B3393E-18F0-45C6-8165-6CCB2CFEF59B}.Debug|x86.Build.0 = Debug|Any CPU
		{B0B3393E-18F0-45C6-8165-6CCB2CFEF59B}.Release|Any CPU.ActiveCfg = Release|Any CPU
		{B0B3393E-18F0-45C6-8165-6CCB2CFEF59B}.Release|Any CPU.Build.0 = Release|Any CPU
		{B0B3393E-18F0-45C6-8165-6CCB2CFEF59B}.Release|x64.ActiveCfg = Release|Any CPU
		{B0B3393E-18F0-45C6-8165-6CCB2CFEF59B}.Release|x64.Build.0 = Release|Any CPU
		{B0B3393E-18F0-45C6-8165-6CCB2CFEF59B}.Release|x86.ActiveCfg = Release|Any CPU
		{B0B3393E-18F0-45C6-8165-6CCB2CFEF59B}.Release|x86.Build.0 = Release|Any CPU
		{CB348847-0AD9-437E-A367-265256F50003}.Debug|Any CPU.ActiveCfg = Debug|Any CPU
		{CB348847-0AD9-437E-A367-265256F50003}.Debug|Any CPU.Build.0 = Debug|Any CPU
		{CB348847-0AD9-437E-A367-265256F50003}.Debug|x64.ActiveCfg = Debug|Any CPU
		{CB348847-0AD9-437E-A367-265256F50003}.Debug|x64.Build.0 = Debug|Any CPU
		{CB348847-0AD9-437E-A367-265256F50003}.Debug|x86.ActiveCfg = Debug|Any CPU
		{CB348847-0AD9-437E-A367-265256F50003}.Debug|x86.Build.0 = Debug|Any CPU
		{CB348847-0AD9-437E-A367-265256F50003}.Release|Any CPU.ActiveCfg = Release|Any CPU
		{CB348847-0AD9-437E-A367-265256F50003}.Release|Any CPU.Build.0 = Release|Any CPU
		{CB348847-0AD9-437E-A367-265256F50003}.Release|x64.ActiveCfg = Release|Any CPU
		{CB348847-0AD9-437E-A367-265256F50003}.Release|x64.Build.0 = Release|Any CPU
		{CB348847-0AD9-437E-A367-265256F50003}.Release|x86.ActiveCfg = Release|Any CPU
		{CB348847-0AD9-437E-A367-265256F50003}.Release|x86.Build.0 = Release|Any CPU
		{2BED79AE-801A-45F2-8A15-3357C0E0E38E}.Debug|Any CPU.ActiveCfg = Debug|Any CPU
		{2BED79AE-801A-45F2-8A15-3357C0E0E38E}.Debug|Any CPU.Build.0 = Debug|Any CPU
		{2BED79AE-801A-45F2-8A15-3357C0E0E38E}.Debug|x64.ActiveCfg = Debug|Any CPU
		{2BED79AE-801A-45F2-8A15-3357C0E0E38E}.Debug|x64.Build.0 = Debug|Any CPU
		{2BED79AE-801A-45F2-8A15-3357C0E0E38E}.Debug|x86.ActiveCfg = Debug|Any CPU
		{2BED79AE-801A-45F2-8A15-3357C0E0E38E}.Debug|x86.Build.0 = Debug|Any CPU
		{2BED79AE-801A-45F2-8A15-3357C0E0E38E}.Release|Any CPU.ActiveCfg = Release|Any CPU
		{2BED79AE-801A-45F2-8A15-3357C0E0E38E}.Release|Any CPU.Build.0 = Release|Any CPU
		{2BED79AE-801A-45F2-8A15-3357C0E0E38E}.Release|x64.ActiveCfg = Release|Any CPU
		{2BED79AE-801A-45F2-8A15-3357C0E0E38E}.Release|x64.Build.0 = Release|Any CPU
		{2BED79AE-801A-45F2-8A15-3357C0E0E38E}.Release|x86.ActiveCfg = Release|Any CPU
		{2BED79AE-801A-45F2-8A15-3357C0E0E38E}.Release|x86.Build.0 = Release|Any CPU
		{1106F029-D036-4A78-B400-6B68EECFC0FA}.Debug|Any CPU.ActiveCfg = Debug|Any CPU
		{1106F029-D036-4A78-B400-6B68EECFC0FA}.Debug|Any CPU.Build.0 = Debug|Any CPU
		{1106F029-D036-4A78-B400-6B68EECFC0FA}.Debug|x64.ActiveCfg = Debug|Any CPU
		{1106F029-D036-4A78-B400-6B68EECFC0FA}.Debug|x64.Build.0 = Debug|Any CPU
		{1106F029-D036-4A78-B400-6B68EECFC0FA}.Debug|x86.ActiveCfg = Debug|Any CPU
		{1106F029-D036-4A78-B400-6B68EECFC0FA}.Debug|x86.Build.0 = Debug|Any CPU
		{1106F029-D036-4A78-B400-6B68EECFC0FA}.Release|Any CPU.ActiveCfg = Release|Any CPU
		{1106F029-D036-4A78-B400-6B68EECFC0FA}.Release|Any CPU.Build.0 = Release|Any CPU
		{1106F029-D036-4A78-B400-6B68EECFC0FA}.Release|x64.ActiveCfg = Release|Any CPU
		{1106F029-D036-4A78-B400-6B68EECFC0FA}.Release|x64.Build.0 = Release|Any CPU
		{1106F029-D036-4A78-B400-6B68EECFC0FA}.Release|x86.ActiveCfg = Release|Any CPU
		{1106F029-D036-4A78-B400-6B68EECFC0FA}.Release|x86.Build.0 = Release|Any CPU
		{556E94AD-A885-44F3-A319-44641889044B}.Debug|Any CPU.ActiveCfg = Debug|Any CPU
		{556E94AD-A885-44F3-A319-44641889044B}.Debug|Any CPU.Build.0 = Debug|Any CPU
		{556E94AD-A885-44F3-A319-44641889044B}.Debug|x64.ActiveCfg = Debug|Any CPU
		{556E94AD-A885-44F3-A319-44641889044B}.Debug|x64.Build.0 = Debug|Any CPU
		{556E94AD-A885-44F3-A319-44641889044B}.Debug|x86.ActiveCfg = Debug|Any CPU
		{556E94AD-A885-44F3-A319-44641889044B}.Debug|x86.Build.0 = Debug|Any CPU
		{556E94AD-A885-44F3-A319-44641889044B}.Release|Any CPU.ActiveCfg = Release|Any CPU
		{556E94AD-A885-44F3-A319-44641889044B}.Release|Any CPU.Build.0 = Release|Any CPU
		{556E94AD-A885-44F3-A319-44641889044B}.Release|x64.ActiveCfg = Release|Any CPU
		{556E94AD-A885-44F3-A319-44641889044B}.Release|x64.Build.0 = Release|Any CPU
		{556E94AD-A885-44F3-A319-44641889044B}.Release|x86.ActiveCfg = Release|Any CPU
		{556E94AD-A885-44F3-A319-44641889044B}.Release|x86.Build.0 = Release|Any CPU
		{211FEB85-122B-46A2-A4F7-2E9F6E022EB8}.Debug|Any CPU.ActiveCfg = Debug|Any CPU
		{211FEB85-122B-46A2-A4F7-2E9F6E022EB8}.Debug|Any CPU.Build.0 = Debug|Any CPU
		{211FEB85-122B-46A2-A4F7-2E9F6E022EB8}.Debug|x64.ActiveCfg = Debug|Any CPU
		{211FEB85-122B-46A2-A4F7-2E9F6E022EB8}.Debug|x64.Build.0 = Debug|Any CPU
		{211FEB85-122B-46A2-A4F7-2E9F6E022EB8}.Debug|x86.ActiveCfg = Debug|Any CPU
		{211FEB85-122B-46A2-A4F7-2E9F6E022EB8}.Debug|x86.Build.0 = Debug|Any CPU
		{211FEB85-122B-46A2-A4F7-2E9F6E022EB8}.Release|Any CPU.ActiveCfg = Release|Any CPU
		{211FEB85-122B-46A2-A4F7-2E9F6E022EB8}.Release|Any CPU.Build.0 = Release|Any CPU
		{211FEB85-122B-46A2-A4F7-2E9F6E022EB8}.Release|x64.ActiveCfg = Release|Any CPU
		{211FEB85-122B-46A2-A4F7-2E9F6E022EB8}.Release|x64.Build.0 = Release|Any CPU
		{211FEB85-122B-46A2-A4F7-2E9F6E022EB8}.Release|x86.ActiveCfg = Release|Any CPU
		{211FEB85-122B-46A2-A4F7-2E9F6E022EB8}.Release|x86.Build.0 = Release|Any CPU
		{B242B82D-F406-4695-8D9C-0B76A52E7DC2}.Debug|Any CPU.ActiveCfg = Debug|Any CPU
		{B242B82D-F406-4695-8D9C-0B76A52E7DC2}.Debug|Any CPU.Build.0 = Debug|Any CPU
		{B242B82D-F406-4695-8D9C-0B76A52E7DC2}.Debug|x64.ActiveCfg = Debug|Any CPU
		{B242B82D-F406-4695-8D9C-0B76A52E7DC2}.Debug|x64.Build.0 = Debug|Any CPU
		{B242B82D-F406-4695-8D9C-0B76A52E7DC2}.Debug|x86.ActiveCfg = Debug|Any CPU
		{B242B82D-F406-4695-8D9C-0B76A52E7DC2}.Debug|x86.Build.0 = Debug|Any CPU
		{B242B82D-F406-4695-8D9C-0B76A52E7DC2}.Release|Any CPU.ActiveCfg = Release|Any CPU
		{B242B82D-F406-4695-8D9C-0B76A52E7DC2}.Release|Any CPU.Build.0 = Release|Any CPU
		{B242B82D-F406-4695-8D9C-0B76A52E7DC2}.Release|x64.ActiveCfg = Release|Any CPU
		{B242B82D-F406-4695-8D9C-0B76A52E7DC2}.Release|x64.Build.0 = Release|Any CPU
		{B242B82D-F406-4695-8D9C-0B76A52E7DC2}.Release|x86.ActiveCfg = Release|Any CPU
		{B242B82D-F406-4695-8D9C-0B76A52E7DC2}.Release|x86.Build.0 = Release|Any CPU
		{70CDAB97-F2A9-4953-B26E-F66F629B1118}.Debug|Any CPU.ActiveCfg = Debug|Any CPU
		{70CDAB97-F2A9-4953-B26E-F66F629B1118}.Debug|Any CPU.Build.0 = Debug|Any CPU
		{70CDAB97-F2A9-4953-B26E-F66F629B1118}.Debug|x64.ActiveCfg = Debug|Any CPU
		{70CDAB97-F2A9-4953-B26E-F66F629B1118}.Debug|x64.Build.0 = Debug|Any CPU
		{70CDAB97-F2A9-4953-B26E-F66F629B1118}.Debug|x86.ActiveCfg = Debug|Any CPU
		{70CDAB97-F2A9-4953-B26E-F66F629B1118}.Debug|x86.Build.0 = Debug|Any CPU
		{70CDAB97-F2A9-4953-B26E-F66F629B1118}.Release|Any CPU.ActiveCfg = Release|Any CPU
		{70CDAB97-F2A9-4953-B26E-F66F629B1118}.Release|Any CPU.Build.0 = Release|Any CPU
		{70CDAB97-F2A9-4953-B26E-F66F629B1118}.Release|x64.ActiveCfg = Release|Any CPU
		{70CDAB97-F2A9-4953-B26E-F66F629B1118}.Release|x64.Build.0 = Release|Any CPU
		{70CDAB97-F2A9-4953-B26E-F66F629B1118}.Release|x86.ActiveCfg = Release|Any CPU
		{70CDAB97-F2A9-4953-B26E-F66F629B1118}.Release|x86.Build.0 = Release|Any CPU
		{49D07F43-7C3D-4562-86DD-166C2F492EDF}.Debug|Any CPU.ActiveCfg = Debug|Any CPU
		{49D07F43-7C3D-4562-86DD-166C2F492EDF}.Debug|Any CPU.Build.0 = Debug|Any CPU
		{49D07F43-7C3D-4562-86DD-166C2F492EDF}.Debug|x64.ActiveCfg = Debug|Any CPU
		{49D07F43-7C3D-4562-86DD-166C2F492EDF}.Debug|x64.Build.0 = Debug|Any CPU
		{49D07F43-7C3D-4562-86DD-166C2F492EDF}.Debug|x86.ActiveCfg = Debug|Any CPU
		{49D07F43-7C3D-4562-86DD-166C2F492EDF}.Debug|x86.Build.0 = Debug|Any CPU
		{49D07F43-7C3D-4562-86DD-166C2F492EDF}.Release|Any CPU.ActiveCfg = Release|Any CPU
		{49D07F43-7C3D-4562-86DD-166C2F492EDF}.Release|Any CPU.Build.0 = Release|Any CPU
		{49D07F43-7C3D-4562-86DD-166C2F492EDF}.Release|x64.ActiveCfg = Release|Any CPU
		{49D07F43-7C3D-4562-86DD-166C2F492EDF}.Release|x64.Build.0 = Release|Any CPU
		{49D07F43-7C3D-4562-86DD-166C2F492EDF}.Release|x86.ActiveCfg = Release|Any CPU
		{49D07F43-7C3D-4562-86DD-166C2F492EDF}.Release|x86.Build.0 = Release|Any CPU
		{AD33294A-A609-4050-9088-4968B9AC1464}.Debug|Any CPU.ActiveCfg = Debug|Any CPU
		{AD33294A-A609-4050-9088-4968B9AC1464}.Debug|Any CPU.Build.0 = Debug|Any CPU
		{AD33294A-A609-4050-9088-4968B9AC1464}.Debug|x64.ActiveCfg = Debug|Any CPU
		{AD33294A-A609-4050-9088-4968B9AC1464}.Debug|x64.Build.0 = Debug|Any CPU
		{AD33294A-A609-4050-9088-4968B9AC1464}.Debug|x86.ActiveCfg = Debug|Any CPU
		{AD33294A-A609-4050-9088-4968B9AC1464}.Debug|x86.Build.0 = Debug|Any CPU
		{AD33294A-A609-4050-9088-4968B9AC1464}.Release|Any CPU.ActiveCfg = Release|Any CPU
		{AD33294A-A609-4050-9088-4968B9AC1464}.Release|Any CPU.Build.0 = Release|Any CPU
		{AD33294A-A609-4050-9088-4968B9AC1464}.Release|x64.ActiveCfg = Release|Any CPU
		{AD33294A-A609-4050-9088-4968B9AC1464}.Release|x64.Build.0 = Release|Any CPU
		{AD33294A-A609-4050-9088-4968B9AC1464}.Release|x86.ActiveCfg = Release|Any CPU
		{AD33294A-A609-4050-9088-4968B9AC1464}.Release|x86.Build.0 = Release|Any CPU
		{11165C6A-0418-4CA1-A563-60A33702246E}.Debug|Any CPU.ActiveCfg = Debug|Any CPU
		{11165C6A-0418-4CA1-A563-60A33702246E}.Debug|Any CPU.Build.0 = Debug|Any CPU
		{11165C6A-0418-4CA1-A563-60A33702246E}.Debug|x64.ActiveCfg = Debug|Any CPU
		{11165C6A-0418-4CA1-A563-60A33702246E}.Debug|x64.Build.0 = Debug|Any CPU
		{11165C6A-0418-4CA1-A563-60A33702246E}.Debug|x86.ActiveCfg = Debug|Any CPU
		{11165C6A-0418-4CA1-A563-60A33702246E}.Debug|x86.Build.0 = Debug|Any CPU
		{11165C6A-0418-4CA1-A563-60A33702246E}.Release|Any CPU.ActiveCfg = Release|Any CPU
		{11165C6A-0418-4CA1-A563-60A33702246E}.Release|Any CPU.Build.0 = Release|Any CPU
		{11165C6A-0418-4CA1-A563-60A33702246E}.Release|x64.ActiveCfg = Release|Any CPU
		{11165C6A-0418-4CA1-A563-60A33702246E}.Release|x64.Build.0 = Release|Any CPU
		{11165C6A-0418-4CA1-A563-60A33702246E}.Release|x86.ActiveCfg = Release|Any CPU
		{11165C6A-0418-4CA1-A563-60A33702246E}.Release|x86.Build.0 = Release|Any CPU
		{ACE93E88-FE18-4C25-95E3-EF31A97CD095}.Debug|Any CPU.ActiveCfg = Debug|Any CPU
		{ACE93E88-FE18-4C25-95E3-EF31A97CD095}.Debug|Any CPU.Build.0 = Debug|Any CPU
		{ACE93E88-FE18-4C25-95E3-EF31A97CD095}.Debug|x64.ActiveCfg = Debug|Any CPU
		{ACE93E88-FE18-4C25-95E3-EF31A97CD095}.Debug|x64.Build.0 = Debug|Any CPU
		{ACE93E88-FE18-4C25-95E3-EF31A97CD095}.Debug|x86.ActiveCfg = Debug|Any CPU
		{ACE93E88-FE18-4C25-95E3-EF31A97CD095}.Debug|x86.Build.0 = Debug|Any CPU
		{ACE93E88-FE18-4C25-95E3-EF31A97CD095}.Release|Any CPU.ActiveCfg = Release|Any CPU
		{ACE93E88-FE18-4C25-95E3-EF31A97CD095}.Release|Any CPU.Build.0 = Release|Any CPU
		{ACE93E88-FE18-4C25-95E3-EF31A97CD095}.Release|x64.ActiveCfg = Release|Any CPU
		{ACE93E88-FE18-4C25-95E3-EF31A97CD095}.Release|x64.Build.0 = Release|Any CPU
		{ACE93E88-FE18-4C25-95E3-EF31A97CD095}.Release|x86.ActiveCfg = Release|Any CPU
		{ACE93E88-FE18-4C25-95E3-EF31A97CD095}.Release|x86.Build.0 = Release|Any CPU
		{68EDA793-60F5-45CC-9D42-E45F00568F97}.Debug|Any CPU.ActiveCfg = Debug|Any CPU
		{68EDA793-60F5-45CC-9D42-E45F00568F97}.Debug|Any CPU.Build.0 = Debug|Any CPU
		{68EDA793-60F5-45CC-9D42-E45F00568F97}.Debug|x64.ActiveCfg = Debug|Any CPU
		{68EDA793-60F5-45CC-9D42-E45F00568F97}.Debug|x64.Build.0 = Debug|Any CPU
		{68EDA793-60F5-45CC-9D42-E45F00568F97}.Debug|x86.ActiveCfg = Debug|Any CPU
		{68EDA793-60F5-45CC-9D42-E45F00568F97}.Debug|x86.Build.0 = Debug|Any CPU
		{68EDA793-60F5-45CC-9D42-E45F00568F97}.Release|Any CPU.ActiveCfg = Release|Any CPU
		{68EDA793-60F5-45CC-9D42-E45F00568F97}.Release|Any CPU.Build.0 = Release|Any CPU
		{68EDA793-60F5-45CC-9D42-E45F00568F97}.Release|x64.ActiveCfg = Release|Any CPU
		{68EDA793-60F5-45CC-9D42-E45F00568F97}.Release|x64.Build.0 = Release|Any CPU
		{68EDA793-60F5-45CC-9D42-E45F00568F97}.Release|x86.ActiveCfg = Release|Any CPU
		{68EDA793-60F5-45CC-9D42-E45F00568F97}.Release|x86.Build.0 = Release|Any CPU
		{ABD5D478-6AD9-4411-9DA8-436E716C8C97}.Debug|Any CPU.ActiveCfg = Debug|Any CPU
		{ABD5D478-6AD9-4411-9DA8-436E716C8C97}.Debug|Any CPU.Build.0 = Debug|Any CPU
		{ABD5D478-6AD9-4411-9DA8-436E716C8C97}.Debug|x64.ActiveCfg = Debug|Any CPU
		{ABD5D478-6AD9-4411-9DA8-436E716C8C97}.Debug|x64.Build.0 = Debug|Any CPU
		{ABD5D478-6AD9-4411-9DA8-436E716C8C97}.Debug|x86.ActiveCfg = Debug|Any CPU
		{ABD5D478-6AD9-4411-9DA8-436E716C8C97}.Debug|x86.Build.0 = Debug|Any CPU
		{ABD5D478-6AD9-4411-9DA8-436E716C8C97}.Release|Any CPU.ActiveCfg = Release|Any CPU
		{ABD5D478-6AD9-4411-9DA8-436E716C8C97}.Release|Any CPU.Build.0 = Release|Any CPU
		{ABD5D478-6AD9-4411-9DA8-436E716C8C97}.Release|x64.ActiveCfg = Release|Any CPU
		{ABD5D478-6AD9-4411-9DA8-436E716C8C97}.Release|x64.Build.0 = Release|Any CPU
		{ABD5D478-6AD9-4411-9DA8-436E716C8C97}.Release|x86.ActiveCfg = Release|Any CPU
		{ABD5D478-6AD9-4411-9DA8-436E716C8C97}.Release|x86.Build.0 = Release|Any CPU
		{15CC3335-83CB-4B70-A1CF-3B64F1AB0460}.Debug|Any CPU.ActiveCfg = Debug|Any CPU
		{15CC3335-83CB-4B70-A1CF-3B64F1AB0460}.Debug|Any CPU.Build.0 = Debug|Any CPU
		{15CC3335-83CB-4B70-A1CF-3B64F1AB0460}.Debug|x64.ActiveCfg = Debug|Any CPU
		{15CC3335-83CB-4B70-A1CF-3B64F1AB0460}.Debug|x64.Build.0 = Debug|Any CPU
		{15CC3335-83CB-4B70-A1CF-3B64F1AB0460}.Debug|x86.ActiveCfg = Debug|Any CPU
		{15CC3335-83CB-4B70-A1CF-3B64F1AB0460}.Debug|x86.Build.0 = Debug|Any CPU
		{15CC3335-83CB-4B70-A1CF-3B64F1AB0460}.Release|Any CPU.ActiveCfg = Release|Any CPU
		{15CC3335-83CB-4B70-A1CF-3B64F1AB0460}.Release|Any CPU.Build.0 = Release|Any CPU
		{15CC3335-83CB-4B70-A1CF-3B64F1AB0460}.Release|x64.ActiveCfg = Release|Any CPU
		{15CC3335-83CB-4B70-A1CF-3B64F1AB0460}.Release|x64.Build.0 = Release|Any CPU
		{15CC3335-83CB-4B70-A1CF-3B64F1AB0460}.Release|x86.ActiveCfg = Release|Any CPU
		{15CC3335-83CB-4B70-A1CF-3B64F1AB0460}.Release|x86.Build.0 = Release|Any CPU
		{E7C47739-44DA-4BE0-AEF0-442C4DCFB3C6}.Debug|Any CPU.ActiveCfg = Debug|Any CPU
		{E7C47739-44DA-4BE0-AEF0-442C4DCFB3C6}.Debug|Any CPU.Build.0 = Debug|Any CPU
		{E7C47739-44DA-4BE0-AEF0-442C4DCFB3C6}.Debug|x64.ActiveCfg = Debug|Any CPU
		{E7C47739-44DA-4BE0-AEF0-442C4DCFB3C6}.Debug|x64.Build.0 = Debug|Any CPU
		{E7C47739-44DA-4BE0-AEF0-442C4DCFB3C6}.Debug|x86.ActiveCfg = Debug|Any CPU
		{E7C47739-44DA-4BE0-AEF0-442C4DCFB3C6}.Debug|x86.Build.0 = Debug|Any CPU
		{E7C47739-44DA-4BE0-AEF0-442C4DCFB3C6}.Release|Any CPU.ActiveCfg = Release|Any CPU
		{E7C47739-44DA-4BE0-AEF0-442C4DCFB3C6}.Release|Any CPU.Build.0 = Release|Any CPU
		{E7C47739-44DA-4BE0-AEF0-442C4DCFB3C6}.Release|x64.ActiveCfg = Release|Any CPU
		{E7C47739-44DA-4BE0-AEF0-442C4DCFB3C6}.Release|x64.Build.0 = Release|Any CPU
		{E7C47739-44DA-4BE0-AEF0-442C4DCFB3C6}.Release|x86.ActiveCfg = Release|Any CPU
		{E7C47739-44DA-4BE0-AEF0-442C4DCFB3C6}.Release|x86.Build.0 = Release|Any CPU
		{D8675D44-0921-4958-AFA2-C3B797B1A5D5}.Debug|Any CPU.ActiveCfg = Debug|Any CPU
		{D8675D44-0921-4958-AFA2-C3B797B1A5D5}.Debug|Any CPU.Build.0 = Debug|Any CPU
		{D8675D44-0921-4958-AFA2-C3B797B1A5D5}.Debug|x64.ActiveCfg = Debug|Any CPU
		{D8675D44-0921-4958-AFA2-C3B797B1A5D5}.Debug|x64.Build.0 = Debug|Any CPU
		{D8675D44-0921-4958-AFA2-C3B797B1A5D5}.Debug|x86.ActiveCfg = Debug|Any CPU
		{D8675D44-0921-4958-AFA2-C3B797B1A5D5}.Debug|x86.Build.0 = Debug|Any CPU
		{D8675D44-0921-4958-AFA2-C3B797B1A5D5}.Release|Any CPU.ActiveCfg = Release|Any CPU
		{D8675D44-0921-4958-AFA2-C3B797B1A5D5}.Release|Any CPU.Build.0 = Release|Any CPU
		{D8675D44-0921-4958-AFA2-C3B797B1A5D5}.Release|x64.ActiveCfg = Release|Any CPU
		{D8675D44-0921-4958-AFA2-C3B797B1A5D5}.Release|x64.Build.0 = Release|Any CPU
		{D8675D44-0921-4958-AFA2-C3B797B1A5D5}.Release|x86.ActiveCfg = Release|Any CPU
		{D8675D44-0921-4958-AFA2-C3B797B1A5D5}.Release|x86.Build.0 = Release|Any CPU
	EndGlobalSection
	GlobalSection(SolutionProperties) = preSolution
		HideSolutionNode = FALSE
	EndGlobalSection
	GlobalSection(NestedProjects) = preSolution
		{76E9D526-8D54-4889-9F02-E2705F1ABBF8} = {3503D822-57F4-4187-AA4A-C53637C6B28C}
		{A6EB9BDF-9CEF-4E82-ACDA-2B31741663CF} = {88DF57F6-B283-4B15-9F92-2DC35ABBE115}
		{B0B3393E-18F0-45C6-8165-6CCB2CFEF59B} = {0F1DFD33-7F46-461A-9F63-D48E0A2B6BEB}
		{CB348847-0AD9-437E-A367-265256F50003} = {0F1DFD33-7F46-461A-9F63-D48E0A2B6BEB}
		{2BED79AE-801A-45F2-8A15-3357C0E0E38E} = {0F1DFD33-7F46-461A-9F63-D48E0A2B6BEB}
		{1106F029-D036-4A78-B400-6B68EECFC0FA} = {0F1DFD33-7F46-461A-9F63-D48E0A2B6BEB}
		{556E94AD-A885-44F3-A319-44641889044B} = {B6B4220E-3B23-44F4-9573-B86CCC754FDE}
		{211FEB85-122B-46A2-A4F7-2E9F6E022EB8} = {E9989949-97A3-4699-8D30-443056617D1C}
		{B242B82D-F406-4695-8D9C-0B76A52E7DC2} = {88DF57F6-B283-4B15-9F92-2DC35ABBE115}
		{70CDAB97-F2A9-4953-B26E-F66F629B1118} = {88DF57F6-B283-4B15-9F92-2DC35ABBE115}
		{49D07F43-7C3D-4562-86DD-166C2F492EDF} = {88DF57F6-B283-4B15-9F92-2DC35ABBE115}
		{AD33294A-A609-4050-9088-4968B9AC1464} = {88DF57F6-B283-4B15-9F92-2DC35ABBE115}
		{11165C6A-0418-4CA1-A563-60A33702246E} = {88DF57F6-B283-4B15-9F92-2DC35ABBE115}
		{ACE93E88-FE18-4C25-95E3-EF31A97CD095} = {88DF57F6-B283-4B15-9F92-2DC35ABBE115}
		{68EDA793-60F5-45CC-9D42-E45F00568F97} = {88DF57F6-B283-4B15-9F92-2DC35ABBE115}
		{ABD5D478-6AD9-4411-9DA8-436E716C8C97} = {88DF57F6-B283-4B15-9F92-2DC35ABBE115}
		{15CC3335-83CB-4B70-A1CF-3B64F1AB0460} = {88DF57F6-B283-4B15-9F92-2DC35ABBE115}
		{E7C47739-44DA-4BE0-AEF0-442C4DCFB3C6} = {88DF57F6-B283-4B15-9F92-2DC35ABBE115}
		{D8675D44-0921-4958-AFA2-C3B797B1A5D5} = {88DF57F6-B283-4B15-9F92-2DC35ABBE115}
	EndGlobalSection
	GlobalSection(ExtensibilityGlobals) = postSolution
		SolutionGuid = {0F2A7A80-334D-47E6-984A-FED6E775A2BF}
	EndGlobalSection
EndGlobal
