
Microsoft Visual Studio Solution File, Format Version 12.00
# Visual Studio Version 17
VisualStudioVersion = 17.2.32616.157
MinimumVisualStudioVersion = 10.0.40219.1
Project("{2150E333-8FDC-42A3-9474-1A3956D46DE8}") = "APPLICATION", "APPLICATION", "{7585CEE1-33D4-4FDC-9B43-762FCC285216}"
EndProject
Project("{9A19103F-16F7-4668-BE54-9A1E7A4F7556}") = "Card_App", "Card_App\Card_App.csproj", "{C6FDE9E4-7558-4C75-AC2A-8F903120A9E8}"
EndProject
Project("{2150E333-8FDC-42A3-9474-1A3956D46DE8}") = "CORE", "CORE", "{3A8D0A8B-C7E0-49C5-BDEF-4CCDF7F3FC01}"
EndProject
Project("{2150E333-8FDC-42A3-9474-1A3956D46DE8}") = "DATA", "DATA", "{0DC71BF3-607D-4231-A7E2-A04FEB5D95FB}"
EndProject
Project("{2150E333-8FDC-42A3-9474-1A3956D46DE8}") = "TEST", "TEST", "{70F2E2A8-175D-404D-9511-DB9F25196EB7}"
EndProject
Project("{9A19103F-16F7-4668-BE54-9A1E7A4F7556}") = "Card_Test", "Card_Test\Card_Test.csproj", "{B713A071-FC2A-49EA-9817-F60D8CE6748D}"
EndProject
Project("{9A19103F-16F7-4668-BE54-9A1E7A4F7556}") = "BCP.CROSS.COMMON", "CORE\BCP.CROSS.COMMON\BCP.CROSS.COMMON.csproj", "{5AA751BD-1A62-4DEA-9E0B-4C1AD8C50F96}"
EndProject
Project("{9A19103F-16F7-4668-BE54-9A1E7A4F7556}") = "BCP.CROSS.SECRYPT", "CORE\BCP.CROSS.SECRYPT\BCP.CROSS.SECRYPT.csproj", "{5069C4C9-29C1-470A-9E7C-A31E91A6BDEA}"
EndProject
Project("{9A19103F-16F7-4668-BE54-9A1E7A4F7556}") = "BCP.Framework.Logs", "CORE\BCP.Framework.Logs\BCP.Framework.Logs.csproj", "{06771CEB-71AE-4E61-A56E-70DE529B1AC9}"
EndProject
Project("{9A19103F-16F7-4668-BE54-9A1E7A4F7556}") = "BCP.CROSS.MODELS", "DATA\BCP.CROSS.MODELS\BCP.CROSS.MODELS.csproj", "{09F0CAD7-04BE-46D1-B3FD-29170D8EA22B}"
EndProject
Global
	GlobalSection(SolutionConfigurationPlatforms) = preSolution
		Debug|Any CPU = Debug|Any CPU
		Release|Any CPU = Release|Any CPU
	EndGlobalSection
	GlobalSection(ProjectConfigurationPlatforms) = postSolution
		{C6FDE9E4-7558-4C75-AC2A-8F903120A9E8}.Debug|Any CPU.ActiveCfg = Debug|Any CPU
		{C6FDE9E4-7558-4C75-AC2A-8F903120A9E8}.Debug|Any CPU.Build.0 = Debug|Any CPU
		{C6FDE9E4-7558-4C75-AC2A-8F903120A9E8}.Release|Any CPU.ActiveCfg = Release|Any CPU
		{C6FDE9E4-7558-4C75-AC2A-8F903120A9E8}.Release|Any CPU.Build.0 = Release|Any CPU
		{B713A071-FC2A-49EA-9817-F60D8CE6748D}.Debug|Any CPU.ActiveCfg = Debug|Any CPU
		{B713A071-FC2A-49EA-9817-F60D8CE6748D}.Debug|Any CPU.Build.0 = Debug|Any CPU
		{B713A071-FC2A-49EA-9817-F60D8CE6748D}.Release|Any CPU.ActiveCfg = Release|Any CPU
		{B713A071-FC2A-49EA-9817-F60D8CE6748D}.Release|Any CPU.Build.0 = Release|Any CPU
		{5AA751BD-1A62-4DEA-9E0B-4C1AD8C50F96}.Debug|Any CPU.ActiveCfg = Debug|Any CPU
		{5AA751BD-1A62-4DEA-9E0B-4C1AD8C50F96}.Debug|Any CPU.Build.0 = Debug|Any CPU
		{5AA751BD-1A62-4DEA-9E0B-4C1AD8C50F96}.Release|Any CPU.ActiveCfg = Release|Any CPU
		{5AA751BD-1A62-4DEA-9E0B-4C1AD8C50F96}.Release|Any CPU.Build.0 = Release|Any CPU
		{5069C4C9-29C1-470A-9E7C-A31E91A6BDEA}.Debug|Any CPU.ActiveCfg = Debug|Any CPU
		{5069C4C9-29C1-470A-9E7C-A31E91A6BDEA}.Debug|Any CPU.Build.0 = Debug|Any CPU
		{5069C4C9-29C1-470A-9E7C-A31E91A6BDEA}.Release|Any CPU.ActiveCfg = Release|Any CPU
		{5069C4C9-29C1-470A-9E7C-A31E91A6BDEA}.Release|Any CPU.Build.0 = Release|Any CPU
		{06771CEB-71AE-4E61-A56E-70DE529B1AC9}.Debug|Any CPU.ActiveCfg = Debug|Any CPU
		{06771CEB-71AE-4E61-A56E-70DE529B1AC9}.Debug|Any CPU.Build.0 = Debug|Any CPU
		{06771CEB-71AE-4E61-A56E-70DE529B1AC9}.Release|Any CPU.ActiveCfg = Release|Any CPU
		{06771CEB-71AE-4E61-A56E-70DE529B1AC9}.Release|Any CPU.Build.0 = Release|Any CPU
		{09F0CAD7-04BE-46D1-B3FD-29170D8EA22B}.Debug|Any CPU.ActiveCfg = Debug|Any CPU
		{09F0CAD7-04BE-46D1-B3FD-29170D8EA22B}.Debug|Any CPU.Build.0 = Debug|Any CPU
		{09F0CAD7-04BE-46D1-B3FD-29170D8EA22B}.Release|Any CPU.ActiveCfg = Release|Any CPU
		{09F0CAD7-04BE-46D1-B3FD-29170D8EA22B}.Release|Any CPU.Build.0 = Release|Any CPU
	EndGlobalSection
	GlobalSection(SolutionProperties) = preSolution
		HideSolutionNode = FALSE
	EndGlobalSection
	GlobalSection(NestedProjects) = preSolution
		{C6FDE9E4-7558-4C75-AC2A-8F903120A9E8} = {7585CEE1-33D4-4FDC-9B43-762FCC285216}
		{B713A071-FC2A-49EA-9817-F60D8CE6748D} = {70F2E2A8-175D-404D-9511-DB9F25196EB7}
		{5AA751BD-1A62-4DEA-9E0B-4C1AD8C50F96} = {3A8D0A8B-C7E0-49C5-BDEF-4CCDF7F3FC01}
		{5069C4C9-29C1-470A-9E7C-A31E91A6BDEA} = {3A8D0A8B-C7E0-49C5-BDEF-4CCDF7F3FC01}
		{06771CEB-71AE-4E61-A56E-70DE529B1AC9} = {3A8D0A8B-C7E0-49C5-BDEF-4CCDF7F3FC01}
		{09F0CAD7-04BE-46D1-B3FD-29170D8EA22B} = {0DC71BF3-607D-4231-A7E2-A04FEB5D95FB}
	EndGlobalSection
	GlobalSection(ExtensibilityGlobals) = postSolution
		SolutionGuid = {593F5EE0-6858-46FB-9E15-858D57BFFCE9}
	EndGlobalSection
EndGlobal
