
Microsoft Visual Studio Solution File, Format Version 12.00
# Visual Studio Version 16
VisualStudioVersion = 16.0.31515.178
MinimumVisualStudioVersion = 10.0.40219.1
Project("{159641D6-6404-4A2A-AE62-294DE0FE8301}") = "CRM_CARGADATOSTARJETACREDITOS_SSI", "CRM_CARGADATOSTARJETACREDITOS_SSI.dtproj", "{1DBFA185-2F5E-4EB6-9F0E-30343F77D98B}"
EndProject
Global
	GlobalSection(SolutionConfigurationPlatforms) = preSolution
		Development|Default = Development|Default
	EndGlobalSection
	GlobalSection(ProjectConfigurationPlatforms) = postSolution
		{1DBFA185-2F5E-4EB6-9F0E-30343F77D98B}.Development|Default.ActiveCfg = Development
		{1DBFA185-2F5E-4EB6-9F0E-30343F77D98B}.Development|Default.Build.0 = Development
	EndGlobalSection
	GlobalSection(SolutionProperties) = preSolution
		HideSolutionNode = FALSE
	EndGlobalSection
	GlobalSection(ExtensibilityGlobals) = postSolution
		SolutionGuid = {0BC0365D-3DF0-41EA-A3A9-6A07F74A2C16}
	EndGlobalSection
EndGlobal
